
Microsoft Visual Studio Solution File, Format Version 12.00
# Visual Studio Version 17
VisualStudioVersion = 17.7.34031.279
MinimumVisualStudioVersion = 10.0.40219.1
Project("{FAE04EC0-301F-11D3-BF4B-00C04F79EFBC}") = "projet_Daber_5edma_version_sans_api", "projet_Daber_5edma_version_sans_api\projet_Daber_5edma_version_sans_api.csproj", "{EC3FAAB3-D3F6-4348-B6F1-B07DF50438AE}"
EndProject
Global
	GlobalSection(SolutionConfigurationPlatforms) = preSolution
		Debug|Any CPU = Debug|Any CPU
		Release|Any CPU = Release|Any CPU
	EndGlobalSection
	GlobalSection(ProjectConfigurationPlatforms) = postSolution
		{EC3FAAB3-D3F6-4348-B6F1-B07DF50438AE}.Debug|Any CPU.ActiveCfg = Debug|Any CPU
		{EC3FAAB3-D3F6-4348-B6F1-B07DF50438AE}.Debug|Any CPU.Build.0 = Debug|Any CPU
		{EC3FAAB3-D3F6-4348-B6F1-B07DF50438AE}.Release|Any CPU.ActiveCfg = Release|Any CPU
		{EC3FAAB3-D3F6-4348-B6F1-B07DF50438AE}.Release|Any CPU.Build.0 = Release|Any CPU
	EndGlobalSection
	GlobalSection(SolutionProperties) = preSolution
		HideSolutionNode = FALSE
	EndGlobalSection
	GlobalSection(ExtensibilityGlobals) = postSolution
		SolutionGuid = {41C2EC71-A4B8-488A-BE6D-E623049F5649}
	EndGlobalSection
EndGlobal
